
Microsoft Visual Studio Solution File, Format Version 12.00
# Visual Studio Version 17
VisualStudioVersion = 17.0.31903.59
MinimumVisualStudioVersion = 10.0.40219.1
Project("{FAE04EC0-301F-11D3-BF4B-00C04F79EFBC}") = "ConsoleApp2", "ConsoleApp2\ConsoleApp2.csproj", "{F3A7B548-C935-4D21-879D-BB9517AEDCE3}"
EndProject
Project("{FAE04EC0-301F-11D3-BF4B-00C04F79EFBC}") = "LeetCode 268", "LeetCode 268\LeetCode 268.csproj", "{A56C05DE-E468-4A98-9565-66E1B0FCBB0A}"
EndProject
Project("{FAE04EC0-301F-11D3-BF4B-00C04F79EFBC}") = "LeetCode 1431", "LeetCode 1431\LeetCode 1431.csproj", "{94E8F2D0-B9A5-40F1-B80A-C658ED28C809}"
EndProject
Project("{FAE04EC0-301F-11D3-BF4B-00C04F79EFBC}") = "LeetCode 1768", "LeetCode 1768\LeetCode 1768.csproj", "{DC9240E9-40E0-42C5-B8B6-E21FEC339A41}"
EndProject
Project("{FAE04EC0-301F-11D3-BF4B-00C04F79EFBC}") = "ConsoleApp1", "ConsoleApp1\ConsoleApp1.csproj", "{F58A6D60-0000-43EA-AF27-C7276D48B944}"
EndProject
Global
	GlobalSection(SolutionConfigurationPlatforms) = preSolution
		Debug|Any CPU = Debug|Any CPU
		Debug|x64 = Debug|x64
		Debug|x86 = Debug|x86
		Release|Any CPU = Release|Any CPU
		Release|x64 = Release|x64
		Release|x86 = Release|x86
	EndGlobalSection
	GlobalSection(ProjectConfigurationPlatforms) = postSolution
		{F3A7B548-C935-4D21-879D-BB9517AEDCE3}.Debug|Any CPU.ActiveCfg = Debug|Any CPU
		{F3A7B548-C935-4D21-879D-BB9517AEDCE3}.Debug|Any CPU.Build.0 = Debug|Any CPU
		{F3A7B548-C935-4D21-879D-BB9517AEDCE3}.Debug|x64.ActiveCfg = Debug|Any CPU
		{F3A7B548-C935-4D21-879D-BB9517AEDCE3}.Debug|x64.Build.0 = Debug|Any CPU
		{F3A7B548-C935-4D21-879D-BB9517AEDCE3}.Debug|x86.ActiveCfg = Debug|Any CPU
		{F3A7B548-C935-4D21-879D-BB9517AEDCE3}.Debug|x86.Build.0 = Debug|Any CPU
		{F3A7B548-C935-4D21-879D-BB9517AEDCE3}.Release|Any CPU.ActiveCfg = Release|Any CPU
		{F3A7B548-C935-4D21-879D-BB9517AEDCE3}.Release|Any CPU.Build.0 = Release|Any CPU
		{F3A7B548-C935-4D21-879D-BB9517AEDCE3}.Release|x64.ActiveCfg = Release|Any CPU
		{F3A7B548-C935-4D21-879D-BB9517AEDCE3}.Release|x64.Build.0 = Release|Any CPU
		{F3A7B548-C935-4D21-879D-BB9517AEDCE3}.Release|x86.ActiveCfg = Release|Any CPU
		{F3A7B548-C935-4D21-879D-BB9517AEDCE3}.Release|x86.Build.0 = Release|Any CPU
		{A56C05DE-E468-4A98-9565-66E1B0FCBB0A}.Debug|Any CPU.ActiveCfg = Debug|Any CPU
		{A56C05DE-E468-4A98-9565-66E1B0FCBB0A}.Debug|Any CPU.Build.0 = Debug|Any CPU
		{A56C05DE-E468-4A98-9565-66E1B0FCBB0A}.Debug|x64.ActiveCfg = Debug|Any CPU
		{A56C05DE-E468-4A98-9565-66E1B0FCBB0A}.Debug|x64.Build.0 = Debug|Any CPU
		{A56C05DE-E468-4A98-9565-66E1B0FCBB0A}.Debug|x86.ActiveCfg = Debug|Any CPU
		{A56C05DE-E468-4A98-9565-66E1B0FCBB0A}.Debug|x86.Build.0 = Debug|Any CPU
		{A56C05DE-E468-4A98-9565-66E1B0FCBB0A}.Release|Any CPU.ActiveCfg = Release|Any CPU
		{A56C05DE-E468-4A98-9565-66E1B0FCBB0A}.Release|Any CPU.Build.0 = Release|Any CPU
		{A56C05DE-E468-4A98-9565-66E1B0FCBB0A}.Release|x64.ActiveCfg = Release|Any CPU
		{A56C05DE-E468-4A98-9565-66E1B0FCBB0A}.Release|x64.Build.0 = Release|Any CPU
		{A56C05DE-E468-4A98-9565-66E1B0FCBB0A}.Release|x86.ActiveCfg = Release|Any CPU
		{A56C05DE-E468-4A98-9565-66E1B0FCBB0A}.Release|x86.Build.0 = Release|Any CPU
		{94E8F2D0-B9A5-40F1-B80A-C658ED28C809}.Debug|Any CPU.ActiveCfg = Debug|Any CPU
		{94E8F2D0-B9A5-40F1-B80A-C658ED28C809}.Debug|Any CPU.Build.0 = Debug|Any CPU
		{94E8F2D0-B9A5-40F1-B80A-C658ED28C809}.Debug|x64.ActiveCfg = Debug|Any CPU
		{94E8F2D0-B9A5-40F1-B80A-C658ED28C809}.Debug|x64.Build.0 = Debug|Any CPU
		{94E8F2D0-B9A5-40F1-B80A-C658ED28C809}.Debug|x86.ActiveCfg = Debug|Any CPU
		{94E8F2D0-B9A5-40F1-B80A-C658ED28C809}.Debug|x86.Build.0 = Debug|Any CPU
		{94E8F2D0-B9A5-40F1-B80A-C658ED28C809}.Release|Any CPU.ActiveCfg = Release|Any CPU
		{94E8F2D0-B9A5-40F1-B80A-C658ED28C809}.Release|Any CPU.Build.0 = Release|Any CPU
		{94E8F2D0-B9A5-40F1-B80A-C658ED28C809}.Release|x64.ActiveCfg = Release|Any CPU
		{94E8F2D0-B9A5-40F1-B80A-C658ED28C809}.Release|x64.Build.0 = Release|Any CPU
		{94E8F2D0-B9A5-40F1-B80A-C658ED28C809}.Release|x86.ActiveCfg = Release|Any CPU
		{94E8F2D0-B9A5-40F1-B80A-C658ED28C809}.Release|x86.Build.0 = Release|Any CPU
		{DC9240E9-40E0-42C5-B8B6-E21FEC339A41}.Debug|Any CPU.ActiveCfg = Debug|Any CPU
		{DC9240E9-40E0-42C5-B8B6-E21FEC339A41}.Debug|Any CPU.Build.0 = Debug|Any CPU
		{DC9240E9-40E0-42C5-B8B6-E21FEC339A41}.Debug|x64.ActiveCfg = Debug|Any CPU
		{DC9240E9-40E0-42C5-B8B6-E21FEC339A41}.Debug|x64.Build.0 = Debug|Any CPU
		{DC9240E9-40E0-42C5-B8B6-E21FEC339A41}.Debug|x86.ActiveCfg = Debug|Any CPU
		{DC9240E9-40E0-42C5-B8B6-E21FEC339A41}.Debug|x86.Build.0 = Debug|Any CPU
		{DC9240E9-40E0-42C5-B8B6-E21FEC339A41}.Release|Any CPU.ActiveCfg = Release|Any CPU
		{DC9240E9-40E0-42C5-B8B6-E21FEC339A41}.Release|Any CPU.Build.0 = Release|Any CPU
		{DC9240E9-40E0-42C5-B8B6-E21FEC339A41}.Release|x64.ActiveCfg = Release|Any CPU
		{DC9240E9-40E0-42C5-B8B6-E21FEC339A41}.Release|x64.Build.0 = Release|Any CPU
		{DC9240E9-40E0-42C5-B8B6-E21FEC339A41}.Release|x86.ActiveCfg = Release|Any CPU
		{DC9240E9-40E0-42C5-B8B6-E21FEC339A41}.Release|x86.Build.0 = Release|Any CPU
		{F58A6D60-0000-43EA-AF27-C7276D48B944}.Debug|Any CPU.ActiveCfg = Debug|Any CPU
		{F58A6D60-0000-43EA-AF27-C7276D48B944}.Debug|Any CPU.Build.0 = Debug|Any CPU
		{F58A6D60-0000-43EA-AF27-C7276D48B944}.Debug|x64.ActiveCfg = Debug|Any CPU
		{F58A6D60-0000-43EA-AF27-C7276D48B944}.Debug|x64.Build.0 = Debug|Any CPU
		{F58A6D60-0000-43EA-AF27-C7276D48B944}.Debug|x86.ActiveCfg = Debug|Any CPU
		{F58A6D60-0000-43EA-AF27-C7276D48B944}.Debug|x86.Build.0 = Debug|Any CPU
		{F58A6D60-0000-43EA-AF27-C7276D48B944}.Release|Any CPU.ActiveCfg = Release|Any CPU
		{F58A6D60-0000-43EA-AF27-C7276D48B944}.Release|Any CPU.Build.0 = Release|Any CPU
		{F58A6D60-0000-43EA-AF27-C7276D48B944}.Release|x64.ActiveCfg = Release|Any CPU
		{F58A6D60-0000-43EA-AF27-C7276D48B944}.Release|x64.Build.0 = Release|Any CPU
		{F58A6D60-0000-43EA-AF27-C7276D48B944}.Release|x86.ActiveCfg = Release|Any CPU
		{F58A6D60-0000-43EA-AF27-C7276D48B944}.Release|x86.Build.0 = Release|Any CPU
	EndGlobalSection
	GlobalSection(SolutionProperties) = preSolution
		HideSolutionNode = FALSE
	EndGlobalSection
EndGlobal
